
Microsoft Visual Studio Solution File, Format Version 12.00
# Visual Studio 2012
Project("{FAE04EC0-301F-11D3-BF4B-00C04F79EFBC}") = "BuySellService", "src\BuySellService\BuySellService.csproj", "{883117F4-3139-4E9B-BC00-47300CA08DC8}"
EndProject
Project("{FAE04EC0-301F-11D3-BF4B-00C04F79EFBC}") = "BuySell.EntityModels", "src\BuySell.EntityModels\BuySell.EntityModels.csproj", "{8D6B1BAB-A74F-4FEC-8C77-515BAF62AD59}"
EndProject
Project("{FAE04EC0-301F-11D3-BF4B-00C04F79EFBC}") = "BuySell.Repositories", "BuySell.Repositories\BuySell.Repositories.csproj", "{D60DE265-391E-4B46-97B4-C02C3833C8E9}"
EndProject
Project("{FAE04EC0-301F-11D3-BF4B-00C04F79EFBC}") = "CodeWarrior2015.Backend.Service.ProductCRUD", "CodeWarrior2015.Backend.Service.ProductCRUD\CodeWarrior2015.Backend.Service.ProductCRUD.csproj", "{151E28AF-D9C8-417E-AAB3-DB07AE3FB07C}"
EndProject
Project("{FAE04EC0-301F-11D3-BF4B-00C04F79EFBC}") = "CodeWarrior2015.Backend.Service.ProductFlat", "CodeWarrior2015.Backend.Service.ProductFlat\CodeWarrior2015.Backend.Service.ProductFlat.csproj", "{BB57BC58-BEA2-41C7-98AF-1E1289A06EE2}"
EndProject
Project("{FAE04EC0-301F-11D3-BF4B-00C04F79EFBC}") = "CodeWarrior2015.Backend.Service.UserStats", "CodeWarrior2015.Backend.Service.UserStats\CodeWarrior2015.Backend.Service.UserStats.csproj", "{AAFAEC2D-28C9-4A12-B409-B97D894B242E}"
EndProject
Project("{FAE04EC0-301F-11D3-BF4B-00C04F79EFBC}") = "ApplicationLogger", "src\ApplicationLogger\ApplicationLogger.csproj", "{52DE4317-63D8-4515-BE1D-3287A695ECAB}"
EndProject
Project("{FAE04EC0-301F-11D3-BF4B-00C04F79EFBC}") = "BuySellService.Tests", "src\BuySellService.Tests\BuySellService.Tests.csproj", "{B10409A8-E3DC-48C9-AF31-6180AABF31C7}"
EndProject
Global
	GlobalSection(SolutionConfigurationPlatforms) = preSolution
		Debug|Any CPU = Debug|Any CPU
		Release|Any CPU = Release|Any CPU
	EndGlobalSection
	GlobalSection(ProjectConfigurationPlatforms) = postSolution
		{883117F4-3139-4E9B-BC00-47300CA08DC8}.Debug|Any CPU.ActiveCfg = Debug|Any CPU
		{883117F4-3139-4E9B-BC00-47300CA08DC8}.Debug|Any CPU.Build.0 = Debug|Any CPU
		{883117F4-3139-4E9B-BC00-47300CA08DC8}.Release|Any CPU.ActiveCfg = Release|Any CPU
		{883117F4-3139-4E9B-BC00-47300CA08DC8}.Release|Any CPU.Build.0 = Release|Any CPU
		{8D6B1BAB-A74F-4FEC-8C77-515BAF62AD59}.Debug|Any CPU.ActiveCfg = Debug|Any CPU
		{8D6B1BAB-A74F-4FEC-8C77-515BAF62AD59}.Debug|Any CPU.Build.0 = Debug|Any CPU
		{8D6B1BAB-A74F-4FEC-8C77-515BAF62AD59}.Release|Any CPU.ActiveCfg = Release|Any CPU
		{8D6B1BAB-A74F-4FEC-8C77-515BAF62AD59}.Release|Any CPU.Build.0 = Release|Any CPU
		{D60DE265-391E-4B46-97B4-C02C3833C8E9}.Debug|Any CPU.ActiveCfg = Debug|Any CPU
		{D60DE265-391E-4B46-97B4-C02C3833C8E9}.Debug|Any CPU.Build.0 = Debug|Any CPU
		{D60DE265-391E-4B46-97B4-C02C3833C8E9}.Release|Any CPU.ActiveCfg = Release|Any CPU
		{D60DE265-391E-4B46-97B4-C02C3833C8E9}.Release|Any CPU.Build.0 = Release|Any CPU
		{151E28AF-D9C8-417E-AAB3-DB07AE3FB07C}.Debug|Any CPU.ActiveCfg = Debug|Any CPU
		{151E28AF-D9C8-417E-AAB3-DB07AE3FB07C}.Debug|Any CPU.Build.0 = Debug|Any CPU
		{151E28AF-D9C8-417E-AAB3-DB07AE3FB07C}.Release|Any CPU.ActiveCfg = Release|Any CPU
		{151E28AF-D9C8-417E-AAB3-DB07AE3FB07C}.Release|Any CPU.Build.0 = Release|Any CPU
		{BB57BC58-BEA2-41C7-98AF-1E1289A06EE2}.Debug|Any CPU.ActiveCfg = Debug|Any CPU
		{BB57BC58-BEA2-41C7-98AF-1E1289A06EE2}.Debug|Any CPU.Build.0 = Debug|Any CPU
		{BB57BC58-BEA2-41C7-98AF-1E1289A06EE2}.Release|Any CPU.ActiveCfg = Release|Any CPU
		{BB57BC58-BEA2-41C7-98AF-1E1289A06EE2}.Release|Any CPU.Build.0 = Release|Any CPU
		{AAFAEC2D-28C9-4A12-B409-B97D894B242E}.Debug|Any CPU.ActiveCfg = Debug|Any CPU
		{AAFAEC2D-28C9-4A12-B409-B97D894B242E}.Debug|Any CPU.Build.0 = Debug|Any CPU
		{AAFAEC2D-28C9-4A12-B409-B97D894B242E}.Release|Any CPU.ActiveCfg = Release|Any CPU
		{AAFAEC2D-28C9-4A12-B409-B97D894B242E}.Release|Any CPU.Build.0 = Release|Any CPU
		{52DE4317-63D8-4515-BE1D-3287A695ECAB}.Debug|Any CPU.ActiveCfg = Debug|Any CPU
		{52DE4317-63D8-4515-BE1D-3287A695ECAB}.Debug|Any CPU.Build.0 = Debug|Any CPU
		{52DE4317-63D8-4515-BE1D-3287A695ECAB}.Release|Any CPU.ActiveCfg = Release|Any CPU
		{52DE4317-63D8-4515-BE1D-3287A695ECAB}.Release|Any CPU.Build.0 = Release|Any CPU
		{B10409A8-E3DC-48C9-AF31-6180AABF31C7}.Debug|Any CPU.ActiveCfg = Debug|Any CPU
		{B10409A8-E3DC-48C9-AF31-6180AABF31C7}.Debug|Any CPU.Build.0 = Debug|Any CPU
		{B10409A8-E3DC-48C9-AF31-6180AABF31C7}.Release|Any CPU.ActiveCfg = Release|Any CPU
		{B10409A8-E3DC-48C9-AF31-6180AABF31C7}.Release|Any CPU.Build.0 = Release|Any CPU
	EndGlobalSection
	GlobalSection(SolutionProperties) = preSolution
		HideSolutionNode = FALSE
	EndGlobalSection
EndGlobal
