
Microsoft Visual Studio Solution File, Format Version 12.00
# Visual Studio 2013
VisualStudioVersion = 12.0.31101.0
MinimumVisualStudioVersion = 10.0.40219.1
Project("{FAE04EC0-301F-11D3-BF4B-00C04F79EFBC}") = "BuySellService", "src\BuySellService\BuySellService.csproj", "{883117F4-3139-4E9B-BC00-47300CA08DC8}"
EndProject
Project("{FAE04EC0-301F-11D3-BF4B-00C04F79EFBC}") = "BuySellService.Tests", "src\BuySellService.Tests\BuySellService.Tests.csproj", "{B10409A8-E3DC-48C9-AF31-6180AABF31C7}"
EndProject
Project("{FAE04EC0-301F-11D3-BF4B-00C04F79EFBC}") = "CW.Backend.DAL.CRUD.Tests", "src\CW.Backend.DAL.CRUD.Tests\CW.Backend.DAL.CRUD.Tests.csproj", "{656D16F2-6625-406B-A117-D2764CDA26F8}"
EndProject
Project("{FAE04EC0-301F-11D3-BF4B-00C04F79EFBC}") = "CorsClient", "src\CorsClient\CorsClient.csproj", "{2541D7AA-900F-4A84-B8C1-ADDF75348BE1}"
EndProject
Project("{2150E333-8FDC-42A3-9474-1A3956D46DE8}") = "Entities", "Entities", "{39A0B79B-5A0F-43FA-879C-60B8469DF998}"
EndProject
Project("{2150E333-8FDC-42A3-9474-1A3956D46DE8}") = "Tests", "Tests", "{82D9C4BE-F70C-47A2-9101-A2C038FC5D74}"
EndProject
Project("{2150E333-8FDC-42A3-9474-1A3956D46DE8}") = "DAL", "DAL", "{EF962ED7-95BE-4BF9-87A0-5957EE61E419}"
EndProject
Project("{FAE04EC0-301F-11D3-BF4B-00C04F79EFBC}") = "CW.Backend.DAL.CRUD.Entities", "src\CW.Backend.DAL.CRUD.Entities\CW.Backend.DAL.CRUD.Entities.csproj", "{708537E4-4311-4BC7-ABCD-BA95D639A18C}"
EndProject
Project("{FAE04EC0-301F-11D3-BF4B-00C04F79EFBC}") = "CW.Backend.DAL.Insight.Entities", "src\CW.Backend.DAL.Insight.Entities\CW.Backend.DAL.Insight.Entities.csproj", "{AB48EA91-1EE7-4DDE-A721-EF798DAD24C6}"
EndProject
Project("{FAE04EC0-301F-11D3-BF4B-00C04F79EFBC}") = "CW.Backend.DAL.Query.Entities", "src\CW.Backend.DAL.Query.Entities\CW.Backend.DAL.Query.Entities.csproj", "{64726FB1-ACED-4370-8C5E-F51682C5F560}"
EndProject
Project("{FAE04EC0-301F-11D3-BF4B-00C04F79EFBC}") = "CW.Backend.DAL.Base", "src\CW.Backend.DAL.Base\CW.Backend.DAL.Base.csproj", "{C27F82E9-BC2A-4EEF-9190-2ACAF002EC84}"
EndProject
Project("{FAE04EC0-301F-11D3-BF4B-00C04F79EFBC}") = "CW.Backend.DAL.CRUD", "src\CW.Backend.DAL.CRUD\CW.Backend.DAL.CRUD.csproj", "{7EDE8C64-0A3A-423A-BF32-FA38913C11E7}"
EndProject
Project("{FAE04EC0-301F-11D3-BF4B-00C04F79EFBC}") = "CW.Backend.DAL.Insight", "src\CW.Backend.DAL.Insight\CW.Backend.DAL.Insight.csproj", "{5F339477-770C-4561-B375-01BA1AF443AC}"
EndProject
Project("{FAE04EC0-301F-11D3-BF4B-00C04F79EFBC}") = "CW.Backend.DAL.Query", "src\CW.Backend.DAL.Query\CW.Backend.DAL.Query.csproj", "{46FFBB65-7F34-4BAA-A193-E5B229EEEE47}"
EndProject
Project("{FAE04EC0-301F-11D3-BF4B-00C04F79EFBC}") = "CW.Backend.Services.Synchronizer", "src\CW.Backend.Services.Synchronizer\CW.Backend.Services.Synchronizer.csproj", "{901CDC83-95C4-4B3D-8231-2D07914329C3}"
EndProject
Global
	GlobalSection(SolutionConfigurationPlatforms) = preSolution
		Debug|Any CPU = Debug|Any CPU
		Release|Any CPU = Release|Any CPU
	EndGlobalSection
	GlobalSection(ProjectConfigurationPlatforms) = postSolution
		{883117F4-3139-4E9B-BC00-47300CA08DC8}.Debug|Any CPU.ActiveCfg = Debug|Any CPU
		{883117F4-3139-4E9B-BC00-47300CA08DC8}.Debug|Any CPU.Build.0 = Debug|Any CPU
		{883117F4-3139-4E9B-BC00-47300CA08DC8}.Release|Any CPU.ActiveCfg = Release|Any CPU
		{883117F4-3139-4E9B-BC00-47300CA08DC8}.Release|Any CPU.Build.0 = Release|Any CPU
		{B10409A8-E3DC-48C9-AF31-6180AABF31C7}.Debug|Any CPU.ActiveCfg = Debug|Any CPU
		{B10409A8-E3DC-48C9-AF31-6180AABF31C7}.Debug|Any CPU.Build.0 = Debug|Any CPU
		{B10409A8-E3DC-48C9-AF31-6180AABF31C7}.Release|Any CPU.ActiveCfg = Release|Any CPU
		{B10409A8-E3DC-48C9-AF31-6180AABF31C7}.Release|Any CPU.Build.0 = Release|Any CPU
		{656D16F2-6625-406B-A117-D2764CDA26F8}.Debug|Any CPU.ActiveCfg = Debug|Any CPU
		{656D16F2-6625-406B-A117-D2764CDA26F8}.Debug|Any CPU.Build.0 = Debug|Any CPU
		{656D16F2-6625-406B-A117-D2764CDA26F8}.Release|Any CPU.ActiveCfg = Release|Any CPU
		{656D16F2-6625-406B-A117-D2764CDA26F8}.Release|Any CPU.Build.0 = Release|Any CPU
		{2541D7AA-900F-4A84-B8C1-ADDF75348BE1}.Debug|Any CPU.ActiveCfg = Debug|Any CPU
		{2541D7AA-900F-4A84-B8C1-ADDF75348BE1}.Debug|Any CPU.Build.0 = Debug|Any CPU
		{2541D7AA-900F-4A84-B8C1-ADDF75348BE1}.Release|Any CPU.ActiveCfg = Release|Any CPU
		{2541D7AA-900F-4A84-B8C1-ADDF75348BE1}.Release|Any CPU.Build.0 = Release|Any CPU
		{708537E4-4311-4BC7-ABCD-BA95D639A18C}.Debug|Any CPU.ActiveCfg = Debug|Any CPU
		{708537E4-4311-4BC7-ABCD-BA95D639A18C}.Debug|Any CPU.Build.0 = Debug|Any CPU
		{708537E4-4311-4BC7-ABCD-BA95D639A18C}.Release|Any CPU.ActiveCfg = Release|Any CPU
		{708537E4-4311-4BC7-ABCD-BA95D639A18C}.Release|Any CPU.Build.0 = Release|Any CPU
		{AB48EA91-1EE7-4DDE-A721-EF798DAD24C6}.Debug|Any CPU.ActiveCfg = Debug|Any CPU
		{AB48EA91-1EE7-4DDE-A721-EF798DAD24C6}.Debug|Any CPU.Build.0 = Debug|Any CPU
		{AB48EA91-1EE7-4DDE-A721-EF798DAD24C6}.Release|Any CPU.ActiveCfg = Release|Any CPU
		{AB48EA91-1EE7-4DDE-A721-EF798DAD24C6}.Release|Any CPU.Build.0 = Release|Any CPU
		{64726FB1-ACED-4370-8C5E-F51682C5F560}.Debug|Any CPU.ActiveCfg = Debug|Any CPU
		{64726FB1-ACED-4370-8C5E-F51682C5F560}.Debug|Any CPU.Build.0 = Debug|Any CPU
		{64726FB1-ACED-4370-8C5E-F51682C5F560}.Release|Any CPU.ActiveCfg = Release|Any CPU
		{64726FB1-ACED-4370-8C5E-F51682C5F560}.Release|Any CPU.Build.0 = Release|Any CPU
		{C27F82E9-BC2A-4EEF-9190-2ACAF002EC84}.Debug|Any CPU.ActiveCfg = Debug|Any CPU
		{C27F82E9-BC2A-4EEF-9190-2ACAF002EC84}.Debug|Any CPU.Build.0 = Debug|Any CPU
		{C27F82E9-BC2A-4EEF-9190-2ACAF002EC84}.Release|Any CPU.ActiveCfg = Release|Any CPU
		{C27F82E9-BC2A-4EEF-9190-2ACAF002EC84}.Release|Any CPU.Build.0 = Release|Any CPU
		{7EDE8C64-0A3A-423A-BF32-FA38913C11E7}.Debug|Any CPU.ActiveCfg = Debug|Any CPU
		{7EDE8C64-0A3A-423A-BF32-FA38913C11E7}.Debug|Any CPU.Build.0 = Debug|Any CPU
		{7EDE8C64-0A3A-423A-BF32-FA38913C11E7}.Release|Any CPU.ActiveCfg = Release|Any CPU
		{7EDE8C64-0A3A-423A-BF32-FA38913C11E7}.Release|Any CPU.Build.0 = Release|Any CPU
		{5F339477-770C-4561-B375-01BA1AF443AC}.Debug|Any CPU.ActiveCfg = Debug|Any CPU
		{5F339477-770C-4561-B375-01BA1AF443AC}.Debug|Any CPU.Build.0 = Debug|Any CPU
		{5F339477-770C-4561-B375-01BA1AF443AC}.Release|Any CPU.ActiveCfg = Release|Any CPU
		{5F339477-770C-4561-B375-01BA1AF443AC}.Release|Any CPU.Build.0 = Release|Any CPU
		{46FFBB65-7F34-4BAA-A193-E5B229EEEE47}.Debug|Any CPU.ActiveCfg = Debug|Any CPU
		{46FFBB65-7F34-4BAA-A193-E5B229EEEE47}.Debug|Any CPU.Build.0 = Debug|Any CPU
		{46FFBB65-7F34-4BAA-A193-E5B229EEEE47}.Release|Any CPU.ActiveCfg = Release|Any CPU
		{46FFBB65-7F34-4BAA-A193-E5B229EEEE47}.Release|Any CPU.Build.0 = Release|Any CPU
		{901CDC83-95C4-4B3D-8231-2D07914329C3}.Debug|Any CPU.ActiveCfg = Debug|Any CPU
		{901CDC83-95C4-4B3D-8231-2D07914329C3}.Debug|Any CPU.Build.0 = Debug|Any CPU
		{901CDC83-95C4-4B3D-8231-2D07914329C3}.Release|Any CPU.ActiveCfg = Release|Any CPU
		{901CDC83-95C4-4B3D-8231-2D07914329C3}.Release|Any CPU.Build.0 = Release|Any CPU
	EndGlobalSection
	GlobalSection(SolutionProperties) = preSolution
		HideSolutionNode = FALSE
	EndGlobalSection
	GlobalSection(NestedProjects) = preSolution
		{B10409A8-E3DC-48C9-AF31-6180AABF31C7} = {82D9C4BE-F70C-47A2-9101-A2C038FC5D74}
		{656D16F2-6625-406B-A117-D2764CDA26F8} = {82D9C4BE-F70C-47A2-9101-A2C038FC5D74}
		{708537E4-4311-4BC7-ABCD-BA95D639A18C} = {39A0B79B-5A0F-43FA-879C-60B8469DF998}
		{AB48EA91-1EE7-4DDE-A721-EF798DAD24C6} = {39A0B79B-5A0F-43FA-879C-60B8469DF998}
		{64726FB1-ACED-4370-8C5E-F51682C5F560} = {39A0B79B-5A0F-43FA-879C-60B8469DF998}
		{C27F82E9-BC2A-4EEF-9190-2ACAF002EC84} = {EF962ED7-95BE-4BF9-87A0-5957EE61E419}
		{7EDE8C64-0A3A-423A-BF32-FA38913C11E7} = {EF962ED7-95BE-4BF9-87A0-5957EE61E419}
		{5F339477-770C-4561-B375-01BA1AF443AC} = {EF962ED7-95BE-4BF9-87A0-5957EE61E419}
		{46FFBB65-7F34-4BAA-A193-E5B229EEEE47} = {EF962ED7-95BE-4BF9-87A0-5957EE61E419}
	EndGlobalSection
EndGlobal
